
Microsoft Visual Studio Solution File, Format Version 12.00
# Visual Studio Version 16
VisualStudioVersion = 16.0.29920.165
MinimumVisualStudioVersion = 10.0.40219.1
Project("{FAE04EC0-301F-11D3-BF4B-00C04F79EFBC}") = "BankingCashCounter", "BankingCashCounter.csproj", "{BC616420-2657-45A0-8F68-22223EFB22DE}"
EndProject
Global
	GlobalSection(SolutionConfigurationPlatforms) = preSolution
		Debug|Any CPU = Debug|Any CPU
		Release|Any CPU = Release|Any CPU
	EndGlobalSection
	GlobalSection(ProjectConfigurationPlatforms) = postSolution
		{BC616420-2657-45A0-8F68-22223EFB22DE}.Debug|Any CPU.ActiveCfg = Debug|Any CPU
		{BC616420-2657-45A0-8F68-22223EFB22DE}.Debug|Any CPU.Build.0 = Debug|Any CPU
		{BC616420-2657-45A0-8F68-22223EFB22DE}.Release|Any CPU.ActiveCfg = Release|Any CPU
		{BC616420-2657-45A0-8F68-22223EFB22DE}.Release|Any CPU.Build.0 = Release|Any CPU
	EndGlobalSection
	GlobalSection(SolutionProperties) = preSolution
		HideSolutionNode = FALSE
	EndGlobalSection
	GlobalSection(ExtensibilityGlobals) = postSolution
		SolutionGuid = {B11364BA-3C65-4643-AABD-FEA185CAC5E5}
	EndGlobalSection
EndGlobal
